// !$*UTF8*$!
{
	archiveVersion = 1;
	classes = {
	};
	objectVersion = 46;
	objects = {

/* Begin PBXBuildFile section */
		B682CA7B1DED65C200D5607C /* AppDelegate.swift in Sources */ = {isa = PBXBuildFile; fileRef = B682CA7A1DED65C200D5607C /* AppDelegate.swift */; };
		B682CA7D1DED65C200D5607C /* MapViewController.swift in Sources */ = {isa = PBXBuildFile; fileRef = B682CA7C1DED65C200D5607C /* MapViewController.swift */; };
		B682CA801DED65C200D5607C /* Main.storyboard in Resources */ = {isa = PBXBuildFile; fileRef = B682CA7E1DED65C200D5607C /* Main.storyboard */; };
		B682CA831DED65C200D5607C /* Grubuddy.xcdatamodeld in Sources */ = {isa = PBXBuildFile; fileRef = B682CA811DED65C200D5607C /* Grubuddy.xcdatamodeld */; };
		B682CA851DED65C200D5607C /* Assets.xcassets in Resources */ = {isa = PBXBuildFile; fileRef = B682CA841DED65C200D5607C /* Assets.xcassets */; };
		B682CA881DED65C200D5607C /* LaunchScreen.storyboard in Resources */ = {isa = PBXBuildFile; fileRef = B682CA861DED65C200D5607C /* LaunchScreen.storyboard */; };
		B682CA911DED6B3700D5607C /* CoreLocation.framework in Frameworks */ = {isa = PBXBuildFile; fileRef = B682CA901DED6B3700D5607C /* CoreLocation.framework */; };
		B682CA931DED6BF600D5607C /* MapKit.framework in Frameworks */ = {isa = PBXBuildFile; fileRef = B682CA921DED6BF600D5607C /* MapKit.framework */; };
		B682CA951DED6EA100D5607C /* LoginViewController.swift in Sources */ = {isa = PBXBuildFile; fileRef = B682CA941DED6EA100D5607C /* LoginViewController.swift */; };
		B682CA971DED6ECC00D5607C /* MeetingDetailViewController.swift in Sources */ = {isa = PBXBuildFile; fileRef = B682CA961DED6ECC00D5607C /* MeetingDetailViewController.swift */; };
		B682CA9C1DED71E900D5607C /* User+CoreDataClass.swift in Sources */ = {isa = PBXBuildFile; fileRef = B682CA981DED71E900D5607C /* User+CoreDataClass.swift */; };
		B682CA9D1DED71E900D5607C /* User+CoreDataProperties.swift in Sources */ = {isa = PBXBuildFile; fileRef = B682CA991DED71E900D5607C /* User+CoreDataProperties.swift */; };
		B682CA9E1DED71E900D5607C /* Meeting+CoreDataClass.swift in Sources */ = {isa = PBXBuildFile; fileRef = B682CA9A1DED71E900D5607C /* Meeting+CoreDataClass.swift */; };
		B682CA9F1DED71E900D5607C /* Meeting+CoreDataProperties.swift in Sources */ = {isa = PBXBuildFile; fileRef = B682CA9B1DED71E900D5607C /* Meeting+CoreDataProperties.swift */; };
/* End PBXBuildFile section */

/* Begin PBXFileReference section */
		B682CA771DED65C200D5607C /* Grubuddy.app */ = {isa = PBXFileReference; explicitFileType = wrapper.application; includeInIndex = 0; path = Grubuddy.app; sourceTree = BUILT_PRODUCTS_DIR; };
		B682CA7A1DED65C200D5607C /* AppDelegate.swift */ = {isa = PBXFileReference; lastKnownFileType = sourcecode.swift; path = AppDelegate.swift; sourceTree = "<group>"; };
		B682CA7C1DED65C200D5607C /* MapViewController.swift */ = {isa = PBXFileReference; lastKnownFileType = sourcecode.swift; path = MapViewController.swift; sourceTree = "<group>"; };
		B682CA7F1DED65C200D5607C /* Base */ = {isa = PBXFileReference; lastKnownFileType = file.storyboard; name = Base; path = Base.lproj/Main.storyboard; sourceTree = "<group>"; };
		B682CA821DED65C200D5607C /* Grubuddy.xcdatamodel */ = {isa = PBXFileReference; lastKnownFileType = wrapper.xcdatamodel; path = Grubuddy.xcdatamodel; sourceTree = "<group>"; };
		B682CA841DED65C200D5607C /* Assets.xcassets */ = {isa = PBXFileReference; lastKnownFileType = folder.assetcatalog; path = Assets.xcassets; sourceTree = "<group>"; };
		B682CA871DED65C200D5607C /* Base */ = {isa = PBXFileReference; lastKnownFileType = file.storyboard; name = Base; path = Base.lproj/LaunchScreen.storyboard; sourceTree = "<group>"; };
		B682CA891DED65C200D5607C /* Info.plist */ = {isa = PBXFileReference; lastKnownFileType = text.plist.xml; path = Info.plist; sourceTree = "<group>"; };
		B682CA901DED6B3700D5607C /* CoreLocation.framework */ = {isa = PBXFileReference; lastKnownFileType = wrapper.framework; name = CoreLocation.framework; path = System/Library/Frameworks/CoreLocation.framework; sourceTree = SDKROOT; };
		B682CA921DED6BF600D5607C /* MapKit.framework */ = {isa = PBXFileReference; lastKnownFileType = wrapper.framework; name = MapKit.framework; path = System/Library/Frameworks/MapKit.framework; sourceTree = SDKROOT; };
		B682CA941DED6EA100D5607C /* LoginViewController.swift */ = {isa = PBXFileReference; fileEncoding = 4; lastKnownFileType = sourcecode.swift; path = LoginViewController.swift; sourceTree = "<group>"; };
		B682CA961DED6ECC00D5607C /* MeetingDetailViewController.swift */ = {isa = PBXFileReference; fileEncoding = 4; lastKnownFileType = sourcecode.swift; path = MeetingDetailViewController.swift; sourceTree = "<group>"; };
		B682CA981DED71E900D5607C /* User+CoreDataClass.swift */ = {isa = PBXFileReference; fileEncoding = 4; lastKnownFileType = sourcecode.swift; path = "User+CoreDataClass.swift"; sourceTree = "<group>"; };
		B682CA991DED71E900D5607C /* User+CoreDataProperties.swift */ = {isa = PBXFileReference; fileEncoding = 4; lastKnownFileType = sourcecode.swift; path = "User+CoreDataProperties.swift"; sourceTree = "<group>"; };
		B682CA9A1DED71E900D5607C /* Meeting+CoreDataClass.swift */ = {isa = PBXFileReference; fileEncoding = 4; lastKnownFileType = sourcecode.swift; path = "Meeting+CoreDataClass.swift"; sourceTree = "<group>"; };
		B682CA9B1DED71E900D5607C /* Meeting+CoreDataProperties.swift */ = {isa = PBXFileReference; fileEncoding = 4; lastKnownFileType = sourcecode.swift; path = "Meeting+CoreDataProperties.swift"; sourceTree = "<group>"; };
/* End PBXFileReference section */

/* Begin PBXFrameworksBuildPhase section */
		B682CA741DED65C200D5607C /* Frameworks */ = {
			isa = PBXFrameworksBuildPhase;
			buildActionMask = 2147483647;
			files = (
				B682CA931DED6BF600D5607C /* MapKit.framework in Frameworks */,
				B682CA911DED6B3700D5607C /* CoreLocation.framework in Frameworks */,
			);
			runOnlyForDeploymentPostprocessing = 0;
		};
/* End PBXFrameworksBuildPhase section */

/* Begin PBXGroup section */
		B682CA6E1DED65C200D5607C = {
			isa = PBXGroup;
			children = (
				B682CA791DED65C200D5607C /* Grubuddy */,
				B682CA781DED65C200D5607C /* Products */,
				B682CA8F1DED6B3700D5607C /* Frameworks */,
			);
			sourceTree = "<group>";
		};
		B682CA781DED65C200D5607C /* Products */ = {
			isa = PBXGroup;
			children = (
				B682CA771DED65C200D5607C /* Grubuddy.app */,
			);
			name = Products;
			sourceTree = "<group>";
		};
		B682CA791DED65C200D5607C /* Grubuddy */ = {
			isa = PBXGroup;
			children = (
				B682CAA11DED729000D5607C /* Controllers */,
				B682CAA01DED727700D5607C /* Model */,
				B682CA7A1DED65C200D5607C /* AppDelegate.swift */,
				B682CA7E1DED65C200D5607C /* Main.storyboard */,
				B682CA841DED65C200D5607C /* Assets.xcassets */,
				B682CA861DED65C200D5607C /* LaunchScreen.storyboard */,
				B682CA891DED65C200D5607C /* Info.plist */,
				B682CA811DED65C200D5607C /* Grubuddy.xcdatamodeld */,
			);
			path = Grubuddy;
			sourceTree = "<group>";
		};
		B682CA8F1DED6B3700D5607C /* Frameworks */ = {
			isa = PBXGroup;
			children = (
				B682CA921DED6BF600D5607C /* MapKit.framework */,
				B682CA901DED6B3700D5607C /* CoreLocation.framework */,
			);
			name = Frameworks;
			sourceTree = "<group>";
		};
		B682CAA01DED727700D5607C /* Model */ = {
			isa = PBXGroup;
			children = (
				B682CA981DED71E900D5607C /* User+CoreDataClass.swift */,
				B682CA991DED71E900D5607C /* User+CoreDataProperties.swift */,
				B682CA9A1DED71E900D5607C /* Meeting+CoreDataClass.swift */,
				B682CA9B1DED71E900D5607C /* Meeting+CoreDataProperties.swift */,
			);
			name = Model;
			sourceTree = "<group>";
		};
		B682CAA11DED729000D5607C /* Controllers */ = {
			isa = PBXGroup;
			children = (
				B682CA7C1DED65C200D5607C /* MapViewController.swift */,
				B682CA941DED6EA100D5607C /* LoginViewController.swift */,
				B682CA961DED6ECC00D5607C /* MeetingDetailViewController.swift */,
			);
			name = Controllers;
			sourceTree = "<group>";
		};
/* End PBXGroup section */

/* Begin PBXNativeTarget section */
		B682CA761DED65C200D5607C /* Grubuddy */ = {
			isa = PBXNativeTarget;
			buildConfigurationList = B682CA8C1DED65C200D5607C /* Build configuration list for PBXNativeTarget "Grubuddy" */;
			buildPhases = (
				B682CA731DED65C200D5607C /* Sources */,
				B682CA741DED65C200D5607C /* Frameworks */,
				B682CA751DED65C200D5607C /* Resources */,
			);
			buildRules = (
			);
			dependencies = (
			);
			name = Grubuddy;
			productName = Grubuddy;
			productReference = B682CA771DED65C200D5607C /* Grubuddy.app */;
			productType = "com.apple.product-type.application";
		};
/* End PBXNativeTarget section */

/* Begin PBXProject section */
		B682CA6F1DED65C200D5607C /* Project object */ = {
			isa = PBXProject;
			attributes = {
				LastSwiftUpdateCheck = 0800;
				LastUpgradeCheck = 0800;
				ORGANIZATIONNAME = Grubuddy;
				TargetAttributes = {
					B682CA761DED65C200D5607C = {
						CreatedOnToolsVersion = 8.0;
						ProvisioningStyle = Manual;
					};
				};
			};
			buildConfigurationList = B682CA721DED65C200D5607C /* Build configuration list for PBXProject "Grubuddy" */;
			compatibilityVersion = "Xcode 3.2";
			developmentRegion = English;
			hasScannedForEncodings = 0;
			knownRegions = (
				en,
				Base,
			);
			mainGroup = B682CA6E1DED65C200D5607C;
			productRefGroup = B682CA781DED65C200D5607C /* Products */;
			projectDirPath = "";
			projectRoot = "";
			targets = (
				B682CA761DED65C200D5607C /* Grubuddy */,
			);
		};
/* End PBXProject section */

/* Begin PBXResourcesBuildPhase section */
		B682CA751DED65C200D5607C /* Resources */ = {
			isa = PBXResourcesBuildPhase;
			buildActionMask = 2147483647;
			files = (
				B682CA881DED65C200D5607C /* LaunchScreen.storyboard in Resources */,
				B682CA851DED65C200D5607C /* Assets.xcassets in Resources */,
				B682CA801DED65C200D5607C /* Main.storyboard in Resources */,
			);
			runOnlyForDeploymentPostprocessing = 0;
		};
/* End PBXResourcesBuildPhase section */

/* Begin PBXSourcesBuildPhase section */
		B682CA731DED65C200D5607C /* Sources */ = {
			isa = PBXSourcesBuildPhase;
			buildActionMask = 2147483647;
			files = (
				B682CA951DED6EA100D5607C /* LoginViewController.swift in Sources */,
				B682CA7D1DED65C200D5607C /* MapViewController.swift in Sources */,
				B682CA9F1DED71E900D5607C /* Meeting+CoreDataProperties.swift in Sources */,
				B682CA9C1DED71E900D5607C /* User+CoreDataClass.swift in Sources */,
				B682CA9E1DED71E900D5607C /* Meeting+CoreDataClass.swift in Sources */,
				B682CA9D1DED71E900D5607C /* User+CoreDataProperties.swift in Sources */,
				B682CA831DED65C200D5607C /* Grubuddy.xcdatamodeld in Sources */,
				B682CA7B1DED65C200D5607C /* AppDelegate.swift in Sources */,
				B682CA971DED6ECC00D5607C /* MeetingDetailViewController.swift in Sources */,
			);
			runOnlyForDeploymentPostprocessing = 0;
		};
/* End PBXSourcesBuildPhase section */

/* Begin PBXVariantGroup section */
		B682CA7E1DED65C200D5607C /* Main.storyboard */ = {
			isa = PBXVariantGroup;
			children = (
				B682CA7F1DED65C200D5607C /* Base */,
			);
			name = Main.storyboard;
			sourceTree = "<group>";
		};
		B682CA861DED65C200D5607C /* LaunchScreen.storyboard */ = {
			isa = PBXVariantGroup;
			children = (
				B682CA871DED65C200D5607C /* Base */,
			);
			name = LaunchScreen.storyboard;
			sourceTree = "<group>";
		};
/* End PBXVariantGroup section */

/* Begin XCBuildConfiguration section */
		B682CA8A1DED65C200D5607C /* Debug */ = {
			isa = XCBuildConfiguration;
			buildSettings = {
				ALWAYS_SEARCH_USER_PATHS = NO;
				CLANG_ANALYZER_NONNULL = YES;
				CLANG_CXX_LANGUAGE_STANDARD = "gnu++0x";
				CLANG_CXX_LIBRARY = "libc++";
				CLANG_ENABLE_MODULES = YES;
				CLANG_ENABLE_OBJC_ARC = YES;
				CLANG_WARN_BOOL_CONVERSION = YES;
				CLANG_WARN_CONSTANT_CONVERSION = YES;
				CLANG_WARN_DIRECT_OBJC_ISA_USAGE = YES_ERROR;
				CLANG_WARN_DOCUMENTATION_COMMENTS = YES;
				CLANG_WARN_EMPTY_BODY = YES;
				CLANG_WARN_ENUM_CONVERSION = YES;
				CLANG_WARN_INFINITE_RECURSION = YES;
				CLANG_WARN_INT_CONVERSION = YES;
				CLANG_WARN_OBJC_ROOT_CLASS = YES_ERROR;
				CLANG_WARN_SUSPICIOUS_MOVES = YES;
				CLANG_WARN_UNREACHABLE_CODE = YES;
				CLANG_WARN__DUPLICATE_METHOD_MATCH = YES;
				"CODE_SIGN_IDENTITY[sdk=iphoneos*]" = "iPhone Developer";
				COPY_PHASE_STRIP = NO;
				DEBUG_INFORMATION_FORMAT = dwarf;
				ENABLE_STRICT_OBJC_MSGSEND = YES;
				ENABLE_TESTABILITY = YES;
				GCC_C_LANGUAGE_STANDARD = gnu99;
				GCC_DYNAMIC_NO_PIC = NO;
				GCC_NO_COMMON_BLOCKS = YES;
				GCC_OPTIMIZATION_LEVEL = 0;
				GCC_PREPROCESSOR_DEFINITIONS = (
					"DEBUG=1",
					"$(inherited)",
				);
				GCC_WARN_64_TO_32_BIT_CONVERSION = YES;
				GCC_WARN_ABOUT_RETURN_TYPE = YES_ERROR;
				GCC_WARN_UNDECLARED_SELECTOR = YES;
				GCC_WARN_UNINITIALIZED_AUTOS = YES_AGGRESSIVE;
				GCC_WARN_UNUSED_FUNCTION = YES;
				GCC_WARN_UNUSED_VARIABLE = YES;
				IPHONEOS_DEPLOYMENT_TARGET = 10.0;
				MTL_ENABLE_DEBUG_INFO = YES;
				ONLY_ACTIVE_ARCH = YES;
				SDKROOT = iphoneos;
				SWIFT_ACTIVE_COMPILATION_CONDITIONS = DEBUG;
				SWIFT_OPTIMIZATION_LEVEL = "-Onone";
				TARGETED_DEVICE_FAMILY = "1,2";
			};
			name = Debug;
		};
		B682CA8B1DED65C200D5607C /* Release */ = {
			isa = XCBuildConfiguration;
			buildSettings = {
				ALWAYS_SEARCH_USER_PATHS = NO;
				CLANG_ANALYZER_NONNULL = YES;
				CLANG_CXX_LANGUAGE_STANDARD = "gnu++0x";
				CLANG_CXX_LIBRARY = "libc++";
				CLANG_ENABLE_MODULES = YES;
				CLANG_ENABLE_OBJC_ARC = YES;
				CLANG_WARN_BOOL_CONVERSION = YES;
				CLANG_WARN_CONSTANT_CONVERSION = YES;
				CLANG_WARN_DIRECT_OBJC_ISA_USAGE = YES_ERROR;
				CLANG_WARN_DOCUMENTATION_COMMENTS = YES;
				CLANG_WARN_EMPTY_BODY = YES;
				CLANG_WARN_ENUM_CONVERSION = YES;
				CLANG_WARN_INFINITE_RECURSION = YES;
				CLANG_WARN_INT_CONVERSION = YES;
				CLANG_WARN_OBJC_ROOT_CLASS = YES_ERROR;
				CLANG_WARN_SUSPICIOUS_MOVES = YES;
				CLANG_WARN_UNREACHABLE_CODE = YES;
				CLANG_WARN__DUPLICATE_METHOD_MATCH = YES;
				"CODE_SIGN_IDENTITY[sdk=iphoneos*]" = "iPhone Developer";
				COPY_PHASE_STRIP = NO;
				DEBUG_INFORMATION_FORMAT = "dwarf-with-dsym";
				ENABLE_NS_ASSERTIONS = NO;
				ENABLE_STRICT_OBJC_MSGSEND = YES;
				GCC_C_LANGUAGE_STANDARD = gnu99;
				GCC_NO_COMMON_BLOCKS = YES;
				GCC_WARN_64_TO_32_BIT_CONVERSION = YES;
				GCC_WARN_ABOUT_RETURN_TYPE = YES_ERROR;
				GCC_WARN_UNDECLARED_SELECTOR = YES;
				GCC_WARN_UNINITIALIZED_AUTOS = YES_AGGRESSIVE;
				GCC_WARN_UNUSED_FUNCTION = YES;
				GCC_WARN_UNUSED_VARIABLE = YES;
				IPHONEOS_DEPLOYMENT_TARGET = 10.0;
				MTL_ENABLE_DEBUG_INFO = NO;
				SDKROOT = iphoneos;
				SWIFT_OPTIMIZATION_LEVEL = "-Owholemodule";
				TARGETED_DEVICE_FAMILY = "1,2";
				VALIDATE_PRODUCT = YES;
			};
			name = Release;
		};
		B682CA8D1DED65C200D5607C /* Debug */ = {
			isa = XCBuildConfiguration;
			buildSettings = {
				ASSETCATALOG_COMPILER_APPICON_NAME = AppIcon;
				DEVELOPMENT_TEAM = "";
				INFOPLIST_FILE = Grubuddy/Info.plist;
				LD_RUNPATH_SEARCH_PATHS = "$(inherited) @executable_path/Frameworks";
				PRODUCT_BUNDLE_IDENTIFIER = com.gb.Grubuddy;
				PRODUCT_NAME = "$(TARGET_NAME)";
				SWIFT_VERSION = 3.0;
			};
			name = Debug;
		};
		B682CA8E1DED65C200D5607C /* Release */ = {
			isa = XCBuildConfiguration;
			buildSettings = {
				ASSETCATALOG_COMPILER_APPICON_NAME = AppIcon;
				DEVELOPMENT_TEAM = "";
				INFOPLIST_FILE = Grubuddy/Info.plist;
				LD_RUNPATH_SEARCH_PATHS = "$(inherited) @executable_path/Frameworks";
				PRODUCT_BUNDLE_IDENTIFIER = com.gb.Grubuddy;
				PRODUCT_NAME = "$(TARGET_NAME)";
				SWIFT_VERSION = 3.0;
			};
			name = Release;
		};
/* End XCBuildConfiguration section */

/* Begin XCConfigurationList section */
		B682CA721DED65C200D5607C /* Build configuration list for PBXProject "Grubuddy" */ = {
			isa = XCConfigurationList;
			buildConfigurations = (
				B682CA8A1DED65C200D5607C /* Debug */,
				B682CA8B1DED65C200D5607C /* Release */,
			);
			defaultConfigurationIsVisible = 0;
			defaultConfigurationName = Release;
		};
		B682CA8C1DED65C200D5607C /* Build configuration list for PBXNativeTarget "Grubuddy" */ = {
			isa = XCConfigurationList;
			buildConfigurations = (
				B682CA8D1DED65C200D5607C /* Debug */,
				B682CA8E1DED65C200D5607C /* Release */,
			);
			defaultConfigurationIsVisible = 0;
		};
/* End XCConfigurationList section */

/* Begin XCVersionGroup section */
		B682CA811DED65C200D5607C /* Grubuddy.xcdatamodeld */ = {
			isa = XCVersionGroup;
			children = (
				B682CA821DED65C200D5607C /* Grubuddy.xcdatamodel */,
			);
			currentVersion = B682CA821DED65C200D5607C /* Grubuddy.xcdatamodel */;
			path = Grubuddy.xcdatamodeld;
			sourceTree = "<group>";
			versionGroupType = wrapper.xcdatamodel;
		};
/* End XCVersionGroup section */
	};
	rootObject = B682CA6F1DED65C200D5607C /* Project object */;
}
